
Microsoft Visual Studio Solution File, Format Version 12.00
# Visual Studio Version 16
VisualStudioVersion = 16.0.29411.108
MinimumVisualStudioVersion = 10.0.40219.1
Project("{FAE04EC0-301F-11D3-BF4B-00C04F79EFBC}") = "FilterStrategy.Bll", "FilterStrategy.Bll\FilterStrategy.Bll.csproj", "{E34F885A-A65F-41D3-BA28-0E2672B6EC40}"
EndProject
Project("{FAE04EC0-301F-11D3-BF4B-00C04F79EFBC}") = "Models", "Models\Models.csproj", "{F0424635-7EEB-4750-8B63-DC878EB4BF16}"
EndProject
Project("{FAE04EC0-301F-11D3-BF4B-00C04F79EFBC}") = "FilterStrategy.Bll.Test", "FilterStrategy.Bll.Test\FilterStrategy.Bll.Test.csproj", "{DE7C8DE6-3625-400E-99C7-9C69723ACCE0}"
EndProject
Global
	GlobalSection(SolutionConfigurationPlatforms) = preSolution
		Debug|Any CPU = Debug|Any CPU
		Release|Any CPU = Release|Any CPU
	EndGlobalSection
	GlobalSection(ProjectConfigurationPlatforms) = postSolution
		{E34F885A-A65F-41D3-BA28-0E2672B6EC40}.Debug|Any CPU.ActiveCfg = Debug|Any CPU
		{E34F885A-A65F-41D3-BA28-0E2672B6EC40}.Debug|Any CPU.Build.0 = Debug|Any CPU
		{E34F885A-A65F-41D3-BA28-0E2672B6EC40}.Release|Any CPU.ActiveCfg = Release|Any CPU
		{E34F885A-A65F-41D3-BA28-0E2672B6EC40}.Release|Any CPU.Build.0 = Release|Any CPU
		{F0424635-7EEB-4750-8B63-DC878EB4BF16}.Debug|Any CPU.ActiveCfg = Debug|Any CPU
		{F0424635-7EEB-4750-8B63-DC878EB4BF16}.Debug|Any CPU.Build.0 = Debug|Any CPU
		{F0424635-7EEB-4750-8B63-DC878EB4BF16}.Release|Any CPU.ActiveCfg = Release|Any CPU
		{F0424635-7EEB-4750-8B63-DC878EB4BF16}.Release|Any CPU.Build.0 = Release|Any CPU
		{DE7C8DE6-3625-400E-99C7-9C69723ACCE0}.Debug|Any CPU.ActiveCfg = Debug|Any CPU
		{DE7C8DE6-3625-400E-99C7-9C69723ACCE0}.Debug|Any CPU.Build.0 = Debug|Any CPU
		{DE7C8DE6-3625-400E-99C7-9C69723ACCE0}.Release|Any CPU.ActiveCfg = Release|Any CPU
		{DE7C8DE6-3625-400E-99C7-9C69723ACCE0}.Release|Any CPU.Build.0 = Release|Any CPU
	EndGlobalSection
	GlobalSection(SolutionProperties) = preSolution
		HideSolutionNode = FALSE
	EndGlobalSection
	GlobalSection(ExtensibilityGlobals) = postSolution
		SolutionGuid = {682823E6-A0E3-4EAE-9754-5BC7BD194DE0}
	EndGlobalSection
EndGlobal
